
Microsoft Visual Studio Solution File, Format Version 12.00
# Visual Studio Version 17
VisualStudioVersion = 17.8.34525.116
MinimumVisualStudioVersion = 10.0.40219.1
Project("{FAE04EC0-301F-11D3-BF4B-00C04F79EFBC}") = "Notepad", "Notepad\Notepad.csproj", "{8267C32B-3927-4AA1-8719-E32C9C356B03}"
EndProject
Global
	GlobalSection(SolutionConfigurationPlatforms) = preSolution
		Debug|Any CPU = Debug|Any CPU
		Release|Any CPU = Release|Any CPU
	EndGlobalSection
	GlobalSection(ProjectConfigurationPlatforms) = postSolution
		{8267C32B-3927-4AA1-8719-E32C9C356B03}.Debug|Any CPU.ActiveCfg = Debug|Any CPU
		{8267C32B-3927-4AA1-8719-E32C9C356B03}.Debug|Any CPU.Build.0 = Debug|Any CPU
		{8267C32B-3927-4AA1-8719-E32C9C356B03}.Release|Any CPU.ActiveCfg = Release|Any CPU
		{8267C32B-3927-4AA1-8719-E32C9C356B03}.Release|Any CPU.Build.0 = Release|Any CPU
	EndGlobalSection
	GlobalSection(SolutionProperties) = preSolution
		HideSolutionNode = FALSE
	EndGlobalSection
	GlobalSection(ExtensibilityGlobals) = postSolution
		SolutionGuid = {4ADA7691-6F6A-4D1A-9B2A-A0D4EAAF5A1A}
	EndGlobalSection
EndGlobal
